
Microsoft Visual Studio Solution File, Format Version 12.00
# Visual Studio Version 16
VisualStudioVersion = 16.0.31105.61
MinimumVisualStudioVersion = 10.0.40219.1
Project("{FAE04EC0-301F-11D3-BF4B-00C04F79EFBC}") = "BankAccount", "BankAccount.csproj", "{4189FE8F-1AF2-46D7-9107-AF89F3E566C7}"
EndProject
Global
	GlobalSection(SolutionConfigurationPlatforms) = preSolution
		Debug|Any CPU = Debug|Any CPU
		Release|Any CPU = Release|Any CPU
	EndGlobalSection
	GlobalSection(ProjectConfigurationPlatforms) = postSolution
		{4189FE8F-1AF2-46D7-9107-AF89F3E566C7}.Debug|Any CPU.ActiveCfg = Debug|Any CPU
		{4189FE8F-1AF2-46D7-9107-AF89F3E566C7}.Debug|Any CPU.Build.0 = Debug|Any CPU
		{4189FE8F-1AF2-46D7-9107-AF89F3E566C7}.Release|Any CPU.ActiveCfg = Release|Any CPU
		{4189FE8F-1AF2-46D7-9107-AF89F3E566C7}.Release|Any CPU.Build.0 = Release|Any CPU
	EndGlobalSection
	GlobalSection(SolutionProperties) = preSolution
		HideSolutionNode = FALSE
	EndGlobalSection
	GlobalSection(ExtensibilityGlobals) = postSolution
		SolutionGuid = {AF999860-B2FC-4DC0-8E0D-2E0F484E3E12}
	EndGlobalSection
EndGlobal
